
Microsoft Visual Studio Solution File, Format Version 12.00
# Visual Studio Version 16
VisualStudioVersion = 16.0.30309.148
MinimumVisualStudioVersion = 10.0.40219.1
Project("{FAE04EC0-301F-11D3-BF4B-00C04F79EFBC}") = "doanwindow", "doanwindow\doanwindow.csproj", "{A66ABCC4-B973-4F6B-91B7-7B4A4A235EF5}"
EndProject
Project("{FAE04EC0-301F-11D3-BF4B-00C04F79EFBC}") = "BUS", "BUS\BUS.csproj", "{EAD5434C-0606-4CED-99F9-47F7A2D02099}"
EndProject
Project("{FAE04EC0-301F-11D3-BF4B-00C04F79EFBC}") = "DAO", "DAO\DAO.csproj", "{12DD5CFC-83A8-4FE0-A5B4-62B28EE2C6C9}"
EndProject
Project("{FAE04EC0-301F-11D3-BF4B-00C04F79EFBC}") = "DTO", "DTO\DTO.csproj", "{4F7D81F3-6736-46DE-B05A-B18FA4C0FDA2}"
EndProject
Global
	GlobalSection(SolutionConfigurationPlatforms) = preSolution
		Debug|Any CPU = Debug|Any CPU
		Release|Any CPU = Release|Any CPU
	EndGlobalSection
	GlobalSection(ProjectConfigurationPlatforms) = postSolution
		{A66ABCC4-B973-4F6B-91B7-7B4A4A235EF5}.Debug|Any CPU.ActiveCfg = Debug|Any CPU
		{A66ABCC4-B973-4F6B-91B7-7B4A4A235EF5}.Debug|Any CPU.Build.0 = Debug|Any CPU
		{A66ABCC4-B973-4F6B-91B7-7B4A4A235EF5}.Release|Any CPU.ActiveCfg = Release|Any CPU
		{A66ABCC4-B973-4F6B-91B7-7B4A4A235EF5}.Release|Any CPU.Build.0 = Release|Any CPU
		{EAD5434C-0606-4CED-99F9-47F7A2D02099}.Debug|Any CPU.ActiveCfg = Debug|Any CPU
		{EAD5434C-0606-4CED-99F9-47F7A2D02099}.Debug|Any CPU.Build.0 = Debug|Any CPU
		{EAD5434C-0606-4CED-99F9-47F7A2D02099}.Release|Any CPU.ActiveCfg = Release|Any CPU
		{EAD5434C-0606-4CED-99F9-47F7A2D02099}.Release|Any CPU.Build.0 = Release|Any CPU
		{12DD5CFC-83A8-4FE0-A5B4-62B28EE2C6C9}.Debug|Any CPU.ActiveCfg = Debug|Any CPU
		{12DD5CFC-83A8-4FE0-A5B4-62B28EE2C6C9}.Debug|Any CPU.Build.0 = Debug|Any CPU
		{12DD5CFC-83A8-4FE0-A5B4-62B28EE2C6C9}.Release|Any CPU.ActiveCfg = Release|Any CPU
		{12DD5CFC-83A8-4FE0-A5B4-62B28EE2C6C9}.Release|Any CPU.Build.0 = Release|Any CPU
		{4F7D81F3-6736-46DE-B05A-B18FA4C0FDA2}.Debug|Any CPU.ActiveCfg = Debug|Any CPU
		{4F7D81F3-6736-46DE-B05A-B18FA4C0FDA2}.Debug|Any CPU.Build.0 = Debug|Any CPU
		{4F7D81F3-6736-46DE-B05A-B18FA4C0FDA2}.Release|Any CPU.ActiveCfg = Release|Any CPU
		{4F7D81F3-6736-46DE-B05A-B18FA4C0FDA2}.Release|Any CPU.Build.0 = Release|Any CPU
	EndGlobalSection
	GlobalSection(SolutionProperties) = preSolution
		HideSolutionNode = FALSE
	EndGlobalSection
	GlobalSection(ExtensibilityGlobals) = postSolution
		SolutionGuid = {ABF908A1-A379-4415-9B0A-C29A7F5C8126}
	EndGlobalSection
EndGlobal
